// !$*UTF8*$!
{
	archiveVersion = 1;
	classes = {
	};
	objectVersion = 50;
	objects = {

/* Begin PBXBuildFile section */
		A0945B1D235A534F003E4A38 /* AppDelegate.swift in Sources */ = {isa = PBXBuildFile; fileRef = A0945B1C235A534F003E4A38 /* AppDelegate.swift */; };
		A0945B21235A5350003E4A38 /* Assets.xcassets in Resources */ = {isa = PBXBuildFile; fileRef = A0945B20235A5350003E4A38 /* Assets.xcassets */; };
		A0945B24235A5350003E4A38 /* Preview Assets.xcassets in Resources */ = {isa = PBXBuildFile; fileRef = A0945B23235A5350003E4A38 /* Preview Assets.xcassets */; };
		A0945B27235A5350003E4A38 /* Main.storyboard in Resources */ = {isa = PBXBuildFile; fileRef = A0945B25235A5350003E4A38 /* Main.storyboard */; };
		A0ADBCA4235F927B00FFB8CF /* spacesStateTests.swift in Sources */ = {isa = PBXBuildFile; fileRef = A0ADBCA3235F927B00FFB8CF /* spacesStateTests.swift */; };
		A0BF9282235F20F400C82FB1 /* SpacesState.swift in Sources */ = {isa = PBXBuildFile; fileRef = A0BF9281235F20F400C82FB1 /* SpacesState.swift */; };
/* End PBXBuildFile section */

/* Begin PBXContainerItemProxy section */
		A0945B2F235A5350003E4A38 /* PBXContainerItemProxy */ = {
			isa = PBXContainerItemProxy;
			containerPortal = A0945B11235A534F003E4A38 /* Project object */;
			proxyType = 1;
			remoteGlobalIDString = A0945B18235A534F003E4A38;
			remoteInfo = insighter;
		};
/* End PBXContainerItemProxy section */

/* Begin PBXFileReference section */
		A0945B19235A534F003E4A38 /* insighter.app */ = {isa = PBXFileReference; explicitFileType = wrapper.application; includeInIndex = 0; path = insighter.app; sourceTree = BUILT_PRODUCTS_DIR; };
		A0945B1C235A534F003E4A38 /* AppDelegate.swift */ = {isa = PBXFileReference; lastKnownFileType = sourcecode.swift; path = AppDelegate.swift; sourceTree = "<group>"; };
		A0945B20235A5350003E4A38 /* Assets.xcassets */ = {isa = PBXFileReference; lastKnownFileType = folder.assetcatalog; path = Assets.xcassets; sourceTree = "<group>"; };
		A0945B23235A5350003E4A38 /* Preview Assets.xcassets */ = {isa = PBXFileReference; lastKnownFileType = folder.assetcatalog; path = "Preview Assets.xcassets"; sourceTree = "<group>"; };
		A0945B26235A5350003E4A38 /* Base */ = {isa = PBXFileReference; lastKnownFileType = file.storyboard; name = Base; path = Base.lproj/Main.storyboard; sourceTree = "<group>"; };
		A0945B28235A5350003E4A38 /* Info.plist */ = {isa = PBXFileReference; lastKnownFileType = text.plist.xml; path = Info.plist; sourceTree = "<group>"; };
		A0945B29235A5350003E4A38 /* insighter.entitlements */ = {isa = PBXFileReference; lastKnownFileType = text.plist.entitlements; path = insighter.entitlements; sourceTree = "<group>"; };
		A0945B2E235A5350003E4A38 /* insighterTests.xctest */ = {isa = PBXFileReference; explicitFileType = wrapper.cfbundle; includeInIndex = 0; path = insighterTests.xctest; sourceTree = BUILT_PRODUCTS_DIR; };
		A0945B34235A5350003E4A38 /* Info.plist */ = {isa = PBXFileReference; lastKnownFileType = text.plist.xml; path = Info.plist; sourceTree = "<group>"; };
		A0ADBCA3235F927B00FFB8CF /* spacesStateTests.swift */ = {isa = PBXFileReference; lastKnownFileType = sourcecode.swift; path = spacesStateTests.swift; sourceTree = "<group>"; };
		A0BF9281235F20F400C82FB1 /* SpacesState.swift */ = {isa = PBXFileReference; lastKnownFileType = sourcecode.swift; path = SpacesState.swift; sourceTree = "<group>"; };
/* End PBXFileReference section */

/* Begin PBXFrameworksBuildPhase section */
		A0945B16235A534F003E4A38 /* Frameworks */ = {
			isa = PBXFrameworksBuildPhase;
			buildActionMask = 2147483647;
			files = (
			);
			runOnlyForDeploymentPostprocessing = 0;
		};
		A0945B2B235A5350003E4A38 /* Frameworks */ = {
			isa = PBXFrameworksBuildPhase;
			buildActionMask = 2147483647;
			files = (
			);
			runOnlyForDeploymentPostprocessing = 0;
		};
/* End PBXFrameworksBuildPhase section */

/* Begin PBXGroup section */
		A0945B10235A534F003E4A38 = {
			isa = PBXGroup;
			children = (
				A0945B1B235A534F003E4A38 /* insighter */,
				A0945B31235A5350003E4A38 /* insighterTests */,
				A0945B1A235A534F003E4A38 /* Products */,
			);
			sourceTree = "<group>";
		};
		A0945B1A235A534F003E4A38 /* Products */ = {
			isa = PBXGroup;
			children = (
				A0945B19235A534F003E4A38 /* insighter.app */,
				A0945B2E235A5350003E4A38 /* insighterTests.xctest */,
			);
			name = Products;
			sourceTree = "<group>";
		};
		A0945B1B235A534F003E4A38 /* insighter */ = {
			isa = PBXGroup;
			children = (
				A0945B1C235A534F003E4A38 /* AppDelegate.swift */,
				A0945B20235A5350003E4A38 /* Assets.xcassets */,
				A0945B25235A5350003E4A38 /* Main.storyboard */,
				A0945B28235A5350003E4A38 /* Info.plist */,
				A0945B29235A5350003E4A38 /* insighter.entitlements */,
				A0945B22235A5350003E4A38 /* Preview Content */,
				A0BF9281235F20F400C82FB1 /* SpacesState.swift */,
			);
			path = insighter;
			sourceTree = "<group>";
		};
		A0945B22235A5350003E4A38 /* Preview Content */ = {
			isa = PBXGroup;
			children = (
				A0945B23235A5350003E4A38 /* Preview Assets.xcassets */,
			);
			path = "Preview Content";
			sourceTree = "<group>";
		};
		A0945B31235A5350003E4A38 /* insighterTests */ = {
			isa = PBXGroup;
			children = (
				A0945B34235A5350003E4A38 /* Info.plist */,
				A0ADBCA3235F927B00FFB8CF /* spacesStateTests.swift */,
			);
			path = insighterTests;
			sourceTree = "<group>";
		};
/* End PBXGroup section */

/* Begin PBXNativeTarget section */
		A0945B18235A534F003E4A38 /* insighter */ = {
			isa = PBXNativeTarget;
			buildConfigurationList = A0945B37235A5350003E4A38 /* Build configuration list for PBXNativeTarget "insighter" */;
			buildPhases = (
				A0945B15235A534F003E4A38 /* Sources */,
				A0945B16235A534F003E4A38 /* Frameworks */,
				A0945B17235A534F003E4A38 /* Resources */,
			);
			buildRules = (
			);
			dependencies = (
			);
			name = insighter;
			productName = insighter;
			productReference = A0945B19235A534F003E4A38 /* insighter.app */;
			productType = "com.apple.product-type.application";
		};
		A0945B2D235A5350003E4A38 /* insighterTests */ = {
			isa = PBXNativeTarget;
			buildConfigurationList = A0945B3A235A5350003E4A38 /* Build configuration list for PBXNativeTarget "insighterTests" */;
			buildPhases = (
				A0945B2A235A5350003E4A38 /* Sources */,
				A0945B2B235A5350003E4A38 /* Frameworks */,
				A0945B2C235A5350003E4A38 /* Resources */,
			);
			buildRules = (
			);
			dependencies = (
				A0945B30235A5350003E4A38 /* PBXTargetDependency */,
			);
			name = insighterTests;
			productName = insighterTests;
			productReference = A0945B2E235A5350003E4A38 /* insighterTests.xctest */;
			productType = "com.apple.product-type.bundle.unit-test";
		};
/* End PBXNativeTarget section */

/* Begin PBXProject section */
		A0945B11235A534F003E4A38 /* Project object */ = {
			isa = PBXProject;
			attributes = {
				LastSwiftUpdateCheck = 1110;
				LastUpgradeCheck = 1110;
				ORGANIZATIONNAME = brunoroque06;
				TargetAttributes = {
					A0945B18235A534F003E4A38 = {
						CreatedOnToolsVersion = 11.1;
					};
					A0945B2D235A5350003E4A38 = {
						CreatedOnToolsVersion = 11.1;
						TestTargetID = A0945B18235A534F003E4A38;
					};
				};
			};
			buildConfigurationList = A0945B14235A534F003E4A38 /* Build configuration list for PBXProject "insighter" */;
			compatibilityVersion = "Xcode 9.3";
			developmentRegion = en;
			hasScannedForEncodings = 0;
			knownRegions = (
				en,
				Base,
			);
			mainGroup = A0945B10235A534F003E4A38;
			productRefGroup = A0945B1A235A534F003E4A38 /* Products */;
			projectDirPath = "";
			projectRoot = "";
			targets = (
				A0945B18235A534F003E4A38 /* insighter */,
				A0945B2D235A5350003E4A38 /* insighterTests */,
			);
		};
/* End PBXProject section */

/* Begin PBXResourcesBuildPhase section */
		A0945B17235A534F003E4A38 /* Resources */ = {
			isa = PBXResourcesBuildPhase;
			buildActionMask = 2147483647;
			files = (
				A0945B27235A5350003E4A38 /* Main.storyboard in Resources */,
				A0945B24235A5350003E4A38 /* Preview Assets.xcassets in Resources */,
				A0945B21235A5350003E4A38 /* Assets.xcassets in Resources */,
			);
			runOnlyForDeploymentPostprocessing = 0;
		};
		A0945B2C235A5350003E4A38 /* Resources */ = {
			isa = PBXResourcesBuildPhase;
			buildActionMask = 2147483647;
			files = (
			);
			runOnlyForDeploymentPostprocessing = 0;
		};
/* End PBXResourcesBuildPhase section */

/* Begin PBXSourcesBuildPhase section */
		A0945B15235A534F003E4A38 /* Sources */ = {
			isa = PBXSourcesBuildPhase;
			buildActionMask = 2147483647;
			files = (
				A0945B1D235A534F003E4A38 /* AppDelegate.swift in Sources */,
				A0BF9282235F20F400C82FB1 /* SpacesState.swift in Sources */,
			);
			runOnlyForDeploymentPostprocessing = 0;
		};
		A0945B2A235A5350003E4A38 /* Sources */ = {
			isa = PBXSourcesBuildPhase;
			buildActionMask = 2147483647;
			files = (
				A0ADBCA4235F927B00FFB8CF /* spacesStateTests.swift in Sources */,
			);
			runOnlyForDeploymentPostprocessing = 0;
		};
/* End PBXSourcesBuildPhase section */

/* Begin PBXTargetDependency section */
		A0945B30235A5350003E4A38 /* PBXTargetDependency */ = {
			isa = PBXTargetDependency;
			target = A0945B18235A534F003E4A38 /* insighter */;
			targetProxy = A0945B2F235A5350003E4A38 /* PBXContainerItemProxy */;
		};
/* End PBXTargetDependency section */

/* Begin PBXVariantGroup section */
		A0945B25235A5350003E4A38 /* Main.storyboard */ = {
			isa = PBXVariantGroup;
			children = (
				A0945B26235A5350003E4A38 /* Base */,
			);
			name = Main.storyboard;
			sourceTree = "<group>";
		};
/* End PBXVariantGroup section */

/* Begin XCBuildConfiguration section */
		A0945B35235A5350003E4A38 /* Debug */ = {
			isa = XCBuildConfiguration;
			buildSettings = {
				ALWAYS_SEARCH_USER_PATHS = NO;
				CLANG_ANALYZER_NONNULL = YES;
				CLANG_ANALYZER_NUMBER_OBJECT_CONVERSION = YES_AGGRESSIVE;
				CLANG_CXX_LANGUAGE_STANDARD = "gnu++14";
				CLANG_CXX_LIBRARY = "libc++";
				CLANG_ENABLE_MODULES = YES;
				CLANG_ENABLE_OBJC_ARC = YES;
				CLANG_ENABLE_OBJC_WEAK = YES;
				CLANG_WARN_BLOCK_CAPTURE_AUTORELEASING = YES;
				CLANG_WARN_BOOL_CONVERSION = YES;
				CLANG_WARN_COMMA = YES;
				CLANG_WARN_CONSTANT_CONVERSION = YES;
				CLANG_WARN_DEPRECATED_OBJC_IMPLEMENTATIONS = YES;
				CLANG_WARN_DIRECT_OBJC_ISA_USAGE = YES_ERROR;
				CLANG_WARN_DOCUMENTATION_COMMENTS = YES;
				CLANG_WARN_EMPTY_BODY = YES;
				CLANG_WARN_ENUM_CONVERSION = YES;
				CLANG_WARN_INFINITE_RECURSION = YES;
				CLANG_WARN_INT_CONVERSION = YES;
				CLANG_WARN_NON_LITERAL_NULL_CONVERSION = YES;
				CLANG_WARN_OBJC_IMPLICIT_RETAIN_SELF = YES;
				CLANG_WARN_OBJC_LITERAL_CONVERSION = YES;
				CLANG_WARN_OBJC_ROOT_CLASS = YES_ERROR;
				CLANG_WARN_RANGE_LOOP_ANALYSIS = YES;
				CLANG_WARN_STRICT_PROTOTYPES = YES;
				CLANG_WARN_SUSPICIOUS_MOVE = YES;
				CLANG_WARN_UNGUARDED_AVAILABILITY = YES_AGGRESSIVE;
				CLANG_WARN_UNREACHABLE_CODE = YES;
				CLANG_WARN__DUPLICATE_METHOD_MATCH = YES;
				COPY_PHASE_STRIP = NO;
				DEBUG_INFORMATION_FORMAT = dwarf;
				ENABLE_STRICT_OBJC_MSGSEND = YES;
				ENABLE_TESTABILITY = YES;
				GCC_C_LANGUAGE_STANDARD = gnu11;
				GCC_DYNAMIC_NO_PIC = NO;
				GCC_NO_COMMON_BLOCKS = YES;
				GCC_OPTIMIZATION_LEVEL = 0;
				GCC_PREPROCESSOR_DEFINITIONS = (
					"DEBUG=1",
					"$(inherited)",
				);
				GCC_WARN_64_TO_32_BIT_CONVERSION = YES;
				GCC_WARN_ABOUT_RETURN_TYPE = YES_ERROR;
				GCC_WARN_UNDECLARED_SELECTOR = YES;
				GCC_WARN_UNINITIALIZED_AUTOS = YES_AGGRESSIVE;
				GCC_WARN_UNUSED_FUNCTION = YES;
				GCC_WARN_UNUSED_VARIABLE = YES;
				MACOSX_DEPLOYMENT_TARGET = 10.15;
				MTL_ENABLE_DEBUG_INFO = INCLUDE_SOURCE;
				MTL_FAST_MATH = YES;
				ONLY_ACTIVE_ARCH = YES;
				SDKROOT = macosx;
				SWIFT_ACTIVE_COMPILATION_CONDITIONS = DEBUG;
				SWIFT_OPTIMIZATION_LEVEL = "-Onone";
			};
			name = Debug;
		};
		A0945B36235A5350003E4A38 /* Release */ = {
			isa = XCBuildConfiguration;
			buildSettings = {
				ALWAYS_SEARCH_USER_PATHS = NO;
				CLANG_ANALYZER_NONNULL = YES;
				CLANG_ANALYZER_NUMBER_OBJECT_CONVERSION = YES_AGGRESSIVE;
				CLANG_CXX_LANGUAGE_STANDARD = "gnu++14";
				CLANG_CXX_LIBRARY = "libc++";
				CLANG_ENABLE_MODULES = YES;
				CLANG_ENABLE_OBJC_ARC = YES;
				CLANG_ENABLE_OBJC_WEAK = YES;
				CLANG_WARN_BLOCK_CAPTURE_AUTORELEASING = YES;
				CLANG_WARN_BOOL_CONVERSION = YES;
				CLANG_WARN_COMMA = YES;
				CLANG_WARN_CONSTANT_CONVERSION = YES;
				CLANG_WARN_DEPRECATED_OBJC_IMPLEMENTATIONS = YES;
				CLANG_WARN_DIRECT_OBJC_ISA_USAGE = YES_ERROR;
				CLANG_WARN_DOCUMENTATION_COMMENTS = YES;
				CLANG_WARN_EMPTY_BODY = YES;
				CLANG_WARN_ENUM_CONVERSION = YES;
				CLANG_WARN_INFINITE_RECURSION = YES;
				CLANG_WARN_INT_CONVERSION = YES;
				CLANG_WARN_NON_LITERAL_NULL_CONVERSION = YES;
				CLANG_WARN_OBJC_IMPLICIT_RETAIN_SELF = YES;
				CLANG_WARN_OBJC_LITERAL_CONVERSION = YES;
				CLANG_WARN_OBJC_ROOT_CLASS = YES_ERROR;
				CLANG_WARN_RANGE_LOOP_ANALYSIS = YES;
				CLANG_WARN_STRICT_PROTOTYPES = YES;
				CLANG_WARN_SUSPICIOUS_MOVE = YES;
				CLANG_WARN_UNGUARDED_AVAILABILITY = YES_AGGRESSIVE;
				CLANG_WARN_UNREACHABLE_CODE = YES;
				CLANG_WARN__DUPLICATE_METHOD_MATCH = YES;
				COPY_PHASE_STRIP = NO;
				DEBUG_INFORMATION_FORMAT = "dwarf-with-dsym";
				ENABLE_NS_ASSERTIONS = NO;
				ENABLE_STRICT_OBJC_MSGSEND = YES;
				GCC_C_LANGUAGE_STANDARD = gnu11;
				GCC_NO_COMMON_BLOCKS = YES;
				GCC_WARN_64_TO_32_BIT_CONVERSION = YES;
				GCC_WARN_ABOUT_RETURN_TYPE = YES_ERROR;
				GCC_WARN_UNDECLARED_SELECTOR = YES;
				GCC_WARN_UNINITIALIZED_AUTOS = YES_AGGRESSIVE;
				GCC_WARN_UNUSED_FUNCTION = YES;
				GCC_WARN_UNUSED_VARIABLE = YES;
				MACOSX_DEPLOYMENT_TARGET = 10.15;
				MTL_ENABLE_DEBUG_INFO = NO;
				MTL_FAST_MATH = YES;
				SDKROOT = macosx;
				SWIFT_COMPILATION_MODE = wholemodule;
				SWIFT_OPTIMIZATION_LEVEL = "-O";
			};
			name = Release;
		};
		A0945B38235A5350003E4A38 /* Debug */ = {
			isa = XCBuildConfiguration;
			buildSettings = {
				ASSETCATALOG_COMPILER_APPICON_NAME = AppIcon;
				CODE_SIGN_ENTITLEMENTS = insighter/insighter.entitlements;
				CODE_SIGN_STYLE = Automatic;
				COMBINE_HIDPI_IMAGES = YES;
				DEVELOPMENT_ASSET_PATHS = "\"insighter/Preview Content\"";
				ENABLE_PREVIEWS = YES;
				INFOPLIST_FILE = insighter/Info.plist;
				LD_RUNPATH_SEARCH_PATHS = (
					"$(inherited)",
					"@executable_path/../Frameworks",
				);
				MACOSX_DEPLOYMENT_TARGET = 10.15;
				PRODUCT_BUNDLE_IDENTIFIER = com.github.brunoroque06.insighter;
				PRODUCT_NAME = "$(TARGET_NAME)";
				SWIFT_VERSION = 5.0;
			};
			name = Debug;
		};
		A0945B39235A5350003E4A38 /* Release */ = {
			isa = XCBuildConfiguration;
			buildSettings = {
				ASSETCATALOG_COMPILER_APPICON_NAME = AppIcon;
				CODE_SIGN_ENTITLEMENTS = insighter/insighter.entitlements;
				CODE_SIGN_STYLE = Automatic;
				COMBINE_HIDPI_IMAGES = YES;
				DEVELOPMENT_ASSET_PATHS = "\"insighter/Preview Content\"";
				ENABLE_PREVIEWS = YES;
				INFOPLIST_FILE = insighter/Info.plist;
				LD_RUNPATH_SEARCH_PATHS = (
					"$(inherited)",
					"@executable_path/../Frameworks",
				);
				MACOSX_DEPLOYMENT_TARGET = 10.15;
				PRODUCT_BUNDLE_IDENTIFIER = com.github.brunoroque06.insighter;
				PRODUCT_NAME = "$(TARGET_NAME)";
				SWIFT_VERSION = 5.0;
			};
			name = Release;
		};
		A0945B3B235A5350003E4A38 /* Debug */ = {
			isa = XCBuildConfiguration;
			buildSettings = {
				ALWAYS_EMBED_SWIFT_STANDARD_LIBRARIES = YES;
				BUNDLE_LOADER = "$(TEST_HOST)";
				CODE_SIGN_STYLE = Automatic;
				COMBINE_HIDPI_IMAGES = YES;
				INFOPLIST_FILE = insighterTests/Info.plist;
				LD_RUNPATH_SEARCH_PATHS = (
					"$(inherited)",
					"@executable_path/../Frameworks",
					"@loader_path/../Frameworks",
				);
				MACOSX_DEPLOYMENT_TARGET = 10.15;
				PRODUCT_BUNDLE_IDENTIFIER = com.github.brunoroque06.insighterTests;
				PRODUCT_NAME = "$(TARGET_NAME)";
				SWIFT_VERSION = 5.0;
				TEST_HOST = "$(BUILT_PRODUCTS_DIR)/insighter.app/Contents/MacOS/insighter";
			};
			name = Debug;
		};
		A0945B3C235A5350003E4A38 /* Release */ = {
			isa = XCBuildConfiguration;
			buildSettings = {
				ALWAYS_EMBED_SWIFT_STANDARD_LIBRARIES = YES;
				BUNDLE_LOADER = "$(TEST_HOST)";
				CODE_SIGN_STYLE = Automatic;
				COMBINE_HIDPI_IMAGES = YES;
				INFOPLIST_FILE = insighterTests/Info.plist;
				LD_RUNPATH_SEARCH_PATHS = (
					"$(inherited)",
					"@executable_path/../Frameworks",
					"@loader_path/../Frameworks",
				);
				MACOSX_DEPLOYMENT_TARGET = 10.15;
				PRODUCT_BUNDLE_IDENTIFIER = com.github.brunoroque06.insighterTests;
				PRODUCT_NAME = "$(TARGET_NAME)";
				SWIFT_VERSION = 5.0;
				TEST_HOST = "$(BUILT_PRODUCTS_DIR)/insighter.app/Contents/MacOS/insighter";
			};
			name = Release;
		};
/* End XCBuildConfiguration section */

/* Begin XCConfigurationList section */
		A0945B14235A534F003E4A38 /* Build configuration list for PBXProject "insighter" */ = {
			isa = XCConfigurationList;
			buildConfigurations = (
				A0945B35235A5350003E4A38 /* Debug */,
				A0945B36235A5350003E4A38 /* Release */,
			);
			defaultConfigurationIsVisible = 0;
			defaultConfigurationName = Release;
		};
		A0945B37235A5350003E4A38 /* Build configuration list for PBXNativeTarget "insighter" */ = {
			isa = XCConfigurationList;
			buildConfigurations = (
				A0945B38235A5350003E4A38 /* Debug */,
				A0945B39235A5350003E4A38 /* Release */,
			);
			defaultConfigurationIsVisible = 0;
			defaultConfigurationName = Release;
		};
		A0945B3A235A5350003E4A38 /* Build configuration list for PBXNativeTarget "insighterTests" */ = {
			isa = XCConfigurationList;
			buildConfigurations = (
				A0945B3B235A5350003E4A38 /* Debug */,
				A0945B3C235A5350003E4A38 /* Release */,
			);
			defaultConfigurationIsVisible = 0;
			defaultConfigurationName = Release;
		};
/* End XCConfigurationList section */
	};
	rootObject = A0945B11235A534F003E4A38 /* Project object */;
}
